
Microsoft Visual Studio Solution File, Format Version 12.00
# Visual Studio 2012
Project("{FAE04EC0-301F-11D3-BF4B-00C04F79EFBC}") = "ChordHelper", "ChordHelper\ChordHelper.csproj", "{8A12C52B-A277-4B2A-9B29-F0F61959CC55}"
EndProject
Global
	GlobalSection(SolutionConfigurationPlatforms) = preSolution
		Debug|Any CPU = Debug|Any CPU
		Release|Any CPU = Release|Any CPU
	EndGlobalSection
	GlobalSection(ProjectConfigurationPlatforms) = postSolution
		{8A12C52B-A277-4B2A-9B29-F0F61959CC55}.Debug|Any CPU.ActiveCfg = Debug|Any CPU
		{8A12C52B-A277-4B2A-9B29-F0F61959CC55}.Debug|Any CPU.Build.0 = Debug|Any CPU
		{8A12C52B-A277-4B2A-9B29-F0F61959CC55}.Release|Any CPU.ActiveCfg = Release|Any CPU
		{8A12C52B-A277-4B2A-9B29-F0F61959CC55}.Release|Any CPU.Build.0 = Release|Any CPU
	EndGlobalSection
	GlobalSection(MonoDevelopProperties) = preSolution
		StartupItem = ChordHelper\ChordHelper.csproj
	EndGlobalSection
EndGlobal
